
Microsoft Visual Studio Solution File, Format Version 12.00
# Visual Studio Version 17
VisualStudioVersion = 17.4.33122.133
MinimumVisualStudioVersion = 10.0.40219.1
Project("{FAE04EC0-301F-11D3-BF4B-00C04F79EFBC}") = "LumoDevice.API", "LumoDevice\LumoDevice.API.csproj", "{3940E91C-9D7C-4F8E-823F-4582D9227838}"
EndProject
Project("{FAE04EC0-301F-11D3-BF4B-00C04F79EFBC}") = "API.Infrastructure", "API.Infrastructure\API.Infrastructure\API.Infrastructure.csproj", "{EB181502-1671-4B63-9D73-533559F9612B}"
EndProject
Project("{FAE04EC0-301F-11D3-BF4B-00C04F79EFBC}") = "DAL", "DAL\DAL\DAL.csproj", "{C1D3E970-11FE-490C-A94D-4E8180BEE30F}"
EndProject
Global
	GlobalSection(SolutionConfigurationPlatforms) = preSolution
		Debug|Any CPU = Debug|Any CPU
		Release|Any CPU = Release|Any CPU
	EndGlobalSection
	GlobalSection(ProjectConfigurationPlatforms) = postSolution
		{3940E91C-9D7C-4F8E-823F-4582D9227838}.Debug|Any CPU.ActiveCfg = Debug|Any CPU
		{3940E91C-9D7C-4F8E-823F-4582D9227838}.Debug|Any CPU.Build.0 = Debug|Any CPU
		{3940E91C-9D7C-4F8E-823F-4582D9227838}.Release|Any CPU.ActiveCfg = Release|Any CPU
		{3940E91C-9D7C-4F8E-823F-4582D9227838}.Release|Any CPU.Build.0 = Release|Any CPU
		{EB181502-1671-4B63-9D73-533559F9612B}.Debug|Any CPU.ActiveCfg = Debug|Any CPU
		{EB181502-1671-4B63-9D73-533559F9612B}.Debug|Any CPU.Build.0 = Debug|Any CPU
		{EB181502-1671-4B63-9D73-533559F9612B}.Release|Any CPU.ActiveCfg = Release|Any CPU
		{EB181502-1671-4B63-9D73-533559F9612B}.Release|Any CPU.Build.0 = Release|Any CPU
		{C1D3E970-11FE-490C-A94D-4E8180BEE30F}.Debug|Any CPU.ActiveCfg = Debug|Any CPU
		{C1D3E970-11FE-490C-A94D-4E8180BEE30F}.Debug|Any CPU.Build.0 = Debug|Any CPU
		{C1D3E970-11FE-490C-A94D-4E8180BEE30F}.Release|Any CPU.ActiveCfg = Release|Any CPU
		{C1D3E970-11FE-490C-A94D-4E8180BEE30F}.Release|Any CPU.Build.0 = Release|Any CPU
	EndGlobalSection
	GlobalSection(SolutionProperties) = preSolution
		HideSolutionNode = FALSE
	EndGlobalSection
	GlobalSection(ExtensibilityGlobals) = postSolution
		SolutionGuid = {ABAA4F91-4D37-4362-906A-52DCD6CB9687}
	EndGlobalSection
EndGlobal
